
Microsoft Visual Studio Solution File, Format Version 12.00
# Visual Studio Version 16
VisualStudioVersion = 16.0.29215.179
MinimumVisualStudioVersion = 10.0.40219.1
Project("{FAE04EC0-301F-11D3-BF4B-00C04F79EFBC}") = "GitIntro01", "GitIntro01\GitIntro01.csproj", "{7F9671F5-A61B-47D7-B332-0BBD2B9E67C7}"
EndProject
Global
	GlobalSection(SolutionConfigurationPlatforms) = preSolution
		Debug|Any CPU = Debug|Any CPU
		Release|Any CPU = Release|Any CPU
	EndGlobalSection
	GlobalSection(ProjectConfigurationPlatforms) = postSolution
		{7F9671F5-A61B-47D7-B332-0BBD2B9E67C7}.Debug|Any CPU.ActiveCfg = Debug|Any CPU
		{7F9671F5-A61B-47D7-B332-0BBD2B9E67C7}.Debug|Any CPU.Build.0 = Debug|Any CPU
		{7F9671F5-A61B-47D7-B332-0BBD2B9E67C7}.Release|Any CPU.ActiveCfg = Release|Any CPU
		{7F9671F5-A61B-47D7-B332-0BBD2B9E67C7}.Release|Any CPU.Build.0 = Release|Any CPU
	EndGlobalSection
	GlobalSection(SolutionProperties) = preSolution
		HideSolutionNode = FALSE
	EndGlobalSection
	GlobalSection(ExtensibilityGlobals) = postSolution
		SolutionGuid = {CCD0B662-3D9C-4DF1-B770-879E4EC15679}
	EndGlobalSection
EndGlobal
